
Microsoft Visual Studio Solution File, Format Version 12.00
# Visual Studio Version 17
VisualStudioVersion = 17.1.32228.430
MinimumVisualStudioVersion = 10.0.40219.1
Project("{FAE04EC0-301F-11D3-BF4B-00C04F79EFBC}") = "PL", "PL\PL.csproj", "{1414B96A-29CA-4368-94BD-01E018F8AE21}"
EndProject
Project("{FAE04EC0-301F-11D3-BF4B-00C04F79EFBC}") = "BL", "BL\BL.csproj", "{2A9825F9-632A-4963-8BD7-894F21956819}"
EndProject
Project("{FAE04EC0-301F-11D3-BF4B-00C04F79EFBC}") = "DL", "DL\DL.csproj", "{601D9799-F818-4835-B4CA-53DCBCEFFD16}"
EndProject
Project("{FAE04EC0-301F-11D3-BF4B-00C04F79EFBC}") = "ML", "ML\ML.csproj", "{E566A00C-2DB0-4218-96DC-A35414999239}"
EndProject
Global
	GlobalSection(SolutionConfigurationPlatforms) = preSolution
		Debug|Any CPU = Debug|Any CPU
		Release|Any CPU = Release|Any CPU
	EndGlobalSection
	GlobalSection(ProjectConfigurationPlatforms) = postSolution
		{1414B96A-29CA-4368-94BD-01E018F8AE21}.Debug|Any CPU.ActiveCfg = Debug|Any CPU
		{1414B96A-29CA-4368-94BD-01E018F8AE21}.Debug|Any CPU.Build.0 = Debug|Any CPU
		{1414B96A-29CA-4368-94BD-01E018F8AE21}.Release|Any CPU.ActiveCfg = Release|Any CPU
		{1414B96A-29CA-4368-94BD-01E018F8AE21}.Release|Any CPU.Build.0 = Release|Any CPU
		{2A9825F9-632A-4963-8BD7-894F21956819}.Debug|Any CPU.ActiveCfg = Debug|Any CPU
		{2A9825F9-632A-4963-8BD7-894F21956819}.Debug|Any CPU.Build.0 = Debug|Any CPU
		{2A9825F9-632A-4963-8BD7-894F21956819}.Release|Any CPU.ActiveCfg = Release|Any CPU
		{2A9825F9-632A-4963-8BD7-894F21956819}.Release|Any CPU.Build.0 = Release|Any CPU
		{601D9799-F818-4835-B4CA-53DCBCEFFD16}.Debug|Any CPU.ActiveCfg = Debug|Any CPU
		{601D9799-F818-4835-B4CA-53DCBCEFFD16}.Debug|Any CPU.Build.0 = Debug|Any CPU
		{601D9799-F818-4835-B4CA-53DCBCEFFD16}.Release|Any CPU.ActiveCfg = Release|Any CPU
		{601D9799-F818-4835-B4CA-53DCBCEFFD16}.Release|Any CPU.Build.0 = Release|Any CPU
		{E566A00C-2DB0-4218-96DC-A35414999239}.Debug|Any CPU.ActiveCfg = Debug|Any CPU
		{E566A00C-2DB0-4218-96DC-A35414999239}.Debug|Any CPU.Build.0 = Debug|Any CPU
		{E566A00C-2DB0-4218-96DC-A35414999239}.Release|Any CPU.ActiveCfg = Release|Any CPU
		{E566A00C-2DB0-4218-96DC-A35414999239}.Release|Any CPU.Build.0 = Release|Any CPU
	EndGlobalSection
	GlobalSection(SolutionProperties) = preSolution
		HideSolutionNode = FALSE
	EndGlobalSection
	GlobalSection(ExtensibilityGlobals) = postSolution
		SolutionGuid = {1C97DFC7-EA5E-4838-A6D9-E12A844FE360}
	EndGlobalSection
EndGlobal
